
Microsoft Visual Studio Solution File, Format Version 12.00
# Visual Studio 14
VisualStudioVersion = 14.0.23107.0
MinimumVisualStudioVersion = 10.0.40219.1
Project("{FAE04EC0-301F-11D3-BF4B-00C04F79EFBC}") = "CommandLine", "..\external\CommandLine\CommandLine\CommandLine.csproj", "{E2EED323-9E53-4193-B0D6-FA3987FE9834}"
EndProject
Project("{FAE04EC0-301F-11D3-BF4B-00C04F79EFBC}") = "Morpheus (Agilent command line)", "Agilent\command line\Morpheus (Agilent command line).csproj", "{9E22E4AC-C0D7-4E7B-8C6F-73827FA79177}"
EndProject
Project("{FAE04EC0-301F-11D3-BF4B-00C04F79EFBC}") = "Morpheus (Agilent)", "Agilent\Morpheus (Agilent).csproj", "{288CC061-1067-4FBD-8E79-FB4C7B3F3FB4}"
EndProject
Global
	GlobalSection(SolutionConfigurationPlatforms) = preSolution
		Debug|x64 = Debug|x64
		Release|x64 = Release|x64
	EndGlobalSection
	GlobalSection(ProjectConfigurationPlatforms) = postSolution
		{E2EED323-9E53-4193-B0D6-FA3987FE9834}.Debug|x64.ActiveCfg = Debug|Any CPU
		{E2EED323-9E53-4193-B0D6-FA3987FE9834}.Debug|x64.Build.0 = Debug|Any CPU
		{E2EED323-9E53-4193-B0D6-FA3987FE9834}.Release|x64.ActiveCfg = Release|Any CPU
		{E2EED323-9E53-4193-B0D6-FA3987FE9834}.Release|x64.Build.0 = Release|Any CPU
		{9E22E4AC-C0D7-4E7B-8C6F-73827FA79177}.Debug|x64.ActiveCfg = Debug|x64
		{9E22E4AC-C0D7-4E7B-8C6F-73827FA79177}.Debug|x64.Build.0 = Debug|x64
		{9E22E4AC-C0D7-4E7B-8C6F-73827FA79177}.Release|x64.ActiveCfg = Release|x64
		{9E22E4AC-C0D7-4E7B-8C6F-73827FA79177}.Release|x64.Build.0 = Release|x64
		{288CC061-1067-4FBD-8E79-FB4C7B3F3FB4}.Debug|x64.ActiveCfg = Debug|x64
		{288CC061-1067-4FBD-8E79-FB4C7B3F3FB4}.Debug|x64.Build.0 = Debug|x64
		{288CC061-1067-4FBD-8E79-FB4C7B3F3FB4}.Release|x64.ActiveCfg = Release|x64
		{288CC061-1067-4FBD-8E79-FB4C7B3F3FB4}.Release|x64.Build.0 = Release|x64
	EndGlobalSection
	GlobalSection(SolutionProperties) = preSolution
		HideSolutionNode = FALSE
	EndGlobalSection
EndGlobal
